
Microsoft Visual Studio Solution File, Format Version 12.00
# Visual Studio Version 17
VisualStudioVersion = 17.3.32825.248
MinimumVisualStudioVersion = 10.0.40219.1
Project("{FAE04EC0-301F-11D3-BF4B-00C04F79EFBC}") = "Лабораторная 1", "Лабораторная 1\Лабораторная 1.csproj", "{945B5949-D0C8-4714-8717-10815C9B8FE7}"
EndProject
Global
	GlobalSection(SolutionConfigurationPlatforms) = preSolution
		Debug|Any CPU = Debug|Any CPU
		Release|Any CPU = Release|Any CPU
	EndGlobalSection
	GlobalSection(ProjectConfigurationPlatforms) = postSolution
		{945B5949-D0C8-4714-8717-10815C9B8FE7}.Debug|Any CPU.ActiveCfg = Debug|Any CPU
		{945B5949-D0C8-4714-8717-10815C9B8FE7}.Debug|Any CPU.Build.0 = Debug|Any CPU
		{945B5949-D0C8-4714-8717-10815C9B8FE7}.Release|Any CPU.ActiveCfg = Release|Any CPU
		{945B5949-D0C8-4714-8717-10815C9B8FE7}.Release|Any CPU.Build.0 = Release|Any CPU
	EndGlobalSection
	GlobalSection(SolutionProperties) = preSolution
		HideSolutionNode = FALSE
	EndGlobalSection
	GlobalSection(ExtensibilityGlobals) = postSolution
		SolutionGuid = {39AEE835-24A1-4C3D-86F0-080527C9FBAC}
	EndGlobalSection
EndGlobal
